
Microsoft Visual Studio Solution File, Format Version 12.00
# Visual Studio Version 17
VisualStudioVersion = 17.8.0.0
MinimumVisualStudioVersion = 17.8.0.0
Project("{9A19103F-16F7-4668-BE54-9A1E7A4F7556}") = "UTB.Library.AppHost", "UTB.Library.AppHost\UTB.Library.AppHost.csproj", "{9131106A-439E-4363-90C3-A9641AC33B17}"
EndProject
Project("{9A19103F-16F7-4668-BE54-9A1E7A4F7556}") = "UTB.Library.ServiceDefaults", "UTB.Library.ServiceDefaults\UTB.Library.ServiceDefaults.csproj", "{EF05B915-A6F1-4B4D-BC92-5A0191428C9D}"
EndProject
Project("{FAE04EC0-301F-11D3-BF4B-00C04F79EFBC}") = "UTB.Library.Db", "UTB.Library.Db\UTB.Library.Db.csproj", "{5FB5F853-8ABF-4C9C-B0F6-FBA4CE0C3629}"
EndProject
Project("{FAE04EC0-301F-11D3-BF4B-00C04F79EFBC}") = "UTB.Library.DbManager", "UTB.Library.DbManager\UTB.Library.DbManager.csproj", "{9D3AA711-EBD3-486A-A66A-6389700AF1DA}"
EndProject
Global
	GlobalSection(SolutionConfigurationPlatforms) = preSolution
		Debug|Any CPU = Debug|Any CPU
		Debug|x64 = Debug|x64
		Debug|x86 = Debug|x86
		Release|Any CPU = Release|Any CPU
		Release|x64 = Release|x64
		Release|x86 = Release|x86
	EndGlobalSection
	GlobalSection(ProjectConfigurationPlatforms) = postSolution
		{9131106A-439E-4363-90C3-A9641AC33B17}.Debug|Any CPU.ActiveCfg = Debug|Any CPU
		{9131106A-439E-4363-90C3-A9641AC33B17}.Debug|Any CPU.Build.0 = Debug|Any CPU
		{9131106A-439E-4363-90C3-A9641AC33B17}.Debug|x64.ActiveCfg = Debug|Any CPU
		{9131106A-439E-4363-90C3-A9641AC33B17}.Debug|x64.Build.0 = Debug|Any CPU
		{9131106A-439E-4363-90C3-A9641AC33B17}.Debug|x86.ActiveCfg = Debug|Any CPU
		{9131106A-439E-4363-90C3-A9641AC33B17}.Debug|x86.Build.0 = Debug|Any CPU
		{9131106A-439E-4363-90C3-A9641AC33B17}.Release|Any CPU.ActiveCfg = Release|Any CPU
		{9131106A-439E-4363-90C3-A9641AC33B17}.Release|Any CPU.Build.0 = Release|Any CPU
		{9131106A-439E-4363-90C3-A9641AC33B17}.Release|x64.ActiveCfg = Release|Any CPU
		{9131106A-439E-4363-90C3-A9641AC33B17}.Release|x64.Build.0 = Release|Any CPU
		{9131106A-439E-4363-90C3-A9641AC33B17}.Release|x86.ActiveCfg = Release|Any CPU
		{9131106A-439E-4363-90C3-A9641AC33B17}.Release|x86.Build.0 = Release|Any CPU
		{EF05B915-A6F1-4B4D-BC92-5A0191428C9D}.Debug|Any CPU.ActiveCfg = Debug|Any CPU
		{EF05B915-A6F1-4B4D-BC92-5A0191428C9D}.Debug|Any CPU.Build.0 = Debug|Any CPU
		{EF05B915-A6F1-4B4D-BC92-5A0191428C9D}.Debug|x64.ActiveCfg = Debug|Any CPU
		{EF05B915-A6F1-4B4D-BC92-5A0191428C9D}.Debug|x64.Build.0 = Debug|Any CPU
		{EF05B915-A6F1-4B4D-BC92-5A0191428C9D}.Debug|x86.ActiveCfg = Debug|Any CPU
		{EF05B915-A6F1-4B4D-BC92-5A0191428C9D}.Debug|x86.Build.0 = Debug|Any CPU
		{EF05B915-A6F1-4B4D-BC92-5A0191428C9D}.Release|Any CPU.ActiveCfg = Release|Any CPU
		{EF05B915-A6F1-4B4D-BC92-5A0191428C9D}.Release|Any CPU.Build.0 = Release|Any CPU
		{EF05B915-A6F1-4B4D-BC92-5A0191428C9D}.Release|x64.ActiveCfg = Release|Any CPU
		{EF05B915-A6F1-4B4D-BC92-5A0191428C9D}.Release|x64.Build.0 = Release|Any CPU
		{EF05B915-A6F1-4B4D-BC92-5A0191428C9D}.Release|x86.ActiveCfg = Release|Any CPU
		{EF05B915-A6F1-4B4D-BC92-5A0191428C9D}.Release|x86.Build.0 = Release|Any CPU
		{5FB5F853-8ABF-4C9C-B0F6-FBA4CE0C3629}.Debug|Any CPU.ActiveCfg = Debug|Any CPU
		{5FB5F853-8ABF-4C9C-B0F6-FBA4CE0C3629}.Debug|Any CPU.Build.0 = Debug|Any CPU
		{5FB5F853-8ABF-4C9C-B0F6-FBA4CE0C3629}.Debug|x64.ActiveCfg = Debug|Any CPU
		{5FB5F853-8ABF-4C9C-B0F6-FBA4CE0C3629}.Debug|x64.Build.0 = Debug|Any CPU
		{5FB5F853-8ABF-4C9C-B0F6-FBA4CE0C3629}.Debug|x86.ActiveCfg = Debug|Any CPU
		{5FB5F853-8ABF-4C9C-B0F6-FBA4CE0C3629}.Debug|x86.Build.0 = Debug|Any CPU
		{5FB5F853-8ABF-4C9C-B0F6-FBA4CE0C3629}.Release|Any CPU.ActiveCfg = Release|Any CPU
		{5FB5F853-8ABF-4C9C-B0F6-FBA4CE0C3629}.Release|Any CPU.Build.0 = Release|Any CPU
		{5FB5F853-8ABF-4C9C-B0F6-FBA4CE0C3629}.Release|x64.ActiveCfg = Release|Any CPU
		{5FB5F853-8ABF-4C9C-B0F6-FBA4CE0C3629}.Release|x64.Build.0 = Release|Any CPU
		{5FB5F853-8ABF-4C9C-B0F6-FBA4CE0C3629}.Release|x86.ActiveCfg = Release|Any CPU
		{5FB5F853-8ABF-4C9C-B0F6-FBA4CE0C3629}.Release|x86.Build.0 = Release|Any CPU
		{9D3AA711-EBD3-486A-A66A-6389700AF1DA}.Debug|Any CPU.ActiveCfg = Debug|Any CPU
		{9D3AA711-EBD3-486A-A66A-6389700AF1DA}.Debug|Any CPU.Build.0 = Debug|Any CPU
		{9D3AA711-EBD3-486A-A66A-6389700AF1DA}.Debug|x64.ActiveCfg = Debug|Any CPU
		{9D3AA711-EBD3-486A-A66A-6389700AF1DA}.Debug|x64.Build.0 = Debug|Any CPU
		{9D3AA711-EBD3-486A-A66A-6389700AF1DA}.Debug|x86.ActiveCfg = Debug|Any CPU
		{9D3AA711-EBD3-486A-A66A-6389700AF1DA}.Debug|x86.Build.0 = Debug|Any CPU
		{9D3AA711-EBD3-486A-A66A-6389700AF1DA}.Release|Any CPU.ActiveCfg = Release|Any CPU
		{9D3AA711-EBD3-486A-A66A-6389700AF1DA}.Release|Any CPU.Build.0 = Release|Any CPU
		{9D3AA711-EBD3-486A-A66A-6389700AF1DA}.Release|x64.ActiveCfg = Release|Any CPU
		{9D3AA711-EBD3-486A-A66A-6389700AF1DA}.Release|x64.Build.0 = Release|Any CPU
		{9D3AA711-EBD3-486A-A66A-6389700AF1DA}.Release|x86.ActiveCfg = Release|Any CPU
		{9D3AA711-EBD3-486A-A66A-6389700AF1DA}.Release|x86.Build.0 = Release|Any CPU
	EndGlobalSection
	GlobalSection(SolutionProperties) = preSolution
		HideSolutionNode = FALSE
	EndGlobalSection
	GlobalSection(ExtensibilityGlobals) = postSolution
		SolutionGuid = {C47B0E7E-E64C-4C77-ACEC-D0345DAA159E}
	EndGlobalSection
EndGlobal
